{
  "name": "mini_tera",
  "lockfileVersion": 2,
  "requires": true,
  "packages": {
    "": {
      "name": "mini_tera",
      "dependencies": {
        "jquery.pep.js": "^0.6.10"
      }
    },
    "node_modules/jquery": {
      "version": "3.6.0",
      "resolved": "https://registry.npmjs.org/jquery/-/jquery-3.6.0.tgz",
      "integrity": "sha512-JVzAR/AjBvVt2BmYhxRCSYysDsPcssdmTFnzyLEts9qNwmjmu4JTAMYubEfwVOSwpQ1I1sKKFcxhZCI2buerfw=="
    },
    "node_modules/jquery.pep.js": {
      "version": "0.6.10",
      "resolved": "https://registry.npmjs.org/jquery.pep.js/-/jquery.pep.js-0.6.10.tgz",
      "integrity": "sha1-5hGHhlSnYhpZ02AaygqTL5Ygvwg=",
      "dependencies": {
        "jquery": "*"
      }
    }
  },
  "dependencies": {
    "jquery": {
      "version": "3.6.0",
      "resolved": "https://registry.npmjs.org/jquery/-/jquery-3.6.0.tgz",
      "integrity": "sha512-JVzAR/AjBvVt2BmYhxRCSYysDsPcssdmTFnzyLEts9qNwmjmu4JTAMYubEfwVOSwpQ1I1sKKFcxhZCI2buerfw=="
    },
    "jquery.pep.js": {
      "version": "0.6.10",
      "resolved": "https://registry.npmjs.org/jquery.pep.js/-/jquery.pep.js-0.6.10.tgz",
      "integrity": "sha1-5hGHhlSnYhpZ02AaygqTL5Ygvwg=",
      "requires": {
        "jquery": "*"
      }
    }
  }
}
